
Microsoft Visual Studio Solution File, Format Version 12.00
Project("{FAE04EC0-301F-11D3-BF4B-00C04F79EFBC}") = "TreePuzzle.Console", "src\TreePuzzle.Console\TreePuzzle.Console.csproj", "{9670155F-A304-493D-AC25-307969751824}"
EndProject
Global
	GlobalSection(SolutionConfigurationPlatforms) = preSolution
		Debug|Any CPU = Debug|Any CPU
		Release|Any CPU = Release|Any CPU
	EndGlobalSection
	GlobalSection(ProjectConfigurationPlatforms) = postSolution
		{9670155F-A304-493D-AC25-307969751824}.Debug|Any CPU.ActiveCfg = Debug|Any CPU
		{9670155F-A304-493D-AC25-307969751824}.Debug|Any CPU.Build.0 = Debug|Any CPU
		{9670155F-A304-493D-AC25-307969751824}.Release|Any CPU.ActiveCfg = Release|Any CPU
		{9670155F-A304-493D-AC25-307969751824}.Release|Any CPU.Build.0 = Release|Any CPU
	EndGlobalSection
EndGlobal
